
Microsoft Visual Studio Solution File, Format Version 12.00
# Visual Studio Version 17
VisualStudioVersion = 17.9.34728.123
MinimumVisualStudioVersion = 10.0.40219.1
Project("{FAE04EC0-301F-11D3-BF4B-00C04F79EFBC}") = "EmpleadoService", "EmpleadoService\EmpleadoService.csproj", "{A51134AC-25A5-4DA0-81E9-F721CF312C42}"
EndProject
Global
	GlobalSection(SolutionConfigurationPlatforms) = preSolution
		Debug|Any CPU = Debug|Any CPU
		Release|Any CPU = Release|Any CPU
	EndGlobalSection
	GlobalSection(ProjectConfigurationPlatforms) = postSolution
		{A51134AC-25A5-4DA0-81E9-F721CF312C42}.Debug|Any CPU.ActiveCfg = Debug|Any CPU
		{A51134AC-25A5-4DA0-81E9-F721CF312C42}.Debug|Any CPU.Build.0 = Debug|Any CPU
		{A51134AC-25A5-4DA0-81E9-F721CF312C42}.Release|Any CPU.ActiveCfg = Release|Any CPU
		{A51134AC-25A5-4DA0-81E9-F721CF312C42}.Release|Any CPU.Build.0 = Release|Any CPU
	EndGlobalSection
	GlobalSection(SolutionProperties) = preSolution
		HideSolutionNode = FALSE
	EndGlobalSection
	GlobalSection(ExtensibilityGlobals) = postSolution
		SolutionGuid = {E51AAB67-3ADB-4FAE-BCA5-F6884E07F034}
	EndGlobalSection
EndGlobal
